
Microsoft Visual Studio Solution File, Format Version 12.00
# Visual Studio Version 17
VisualStudioVersion = 17.8.34330.188
MinimumVisualStudioVersion = 10.0.40219.1
Project("{FAE04EC0-301F-11D3-BF4B-00C04F79EFBC}") = "MakeGame", "MakeGame\MakeGame.csproj", "{FEA62C45-A201-4EC9-9CC0-D835189A1419}"
EndProject
Global
	GlobalSection(SolutionConfigurationPlatforms) = preSolution
		Debug|Any CPU = Debug|Any CPU
		Release|Any CPU = Release|Any CPU
	EndGlobalSection
	GlobalSection(ProjectConfigurationPlatforms) = postSolution
		{FEA62C45-A201-4EC9-9CC0-D835189A1419}.Debug|Any CPU.ActiveCfg = Debug|Any CPU
		{FEA62C45-A201-4EC9-9CC0-D835189A1419}.Debug|Any CPU.Build.0 = Debug|Any CPU
		{FEA62C45-A201-4EC9-9CC0-D835189A1419}.Release|Any CPU.ActiveCfg = Release|Any CPU
		{FEA62C45-A201-4EC9-9CC0-D835189A1419}.Release|Any CPU.Build.0 = Release|Any CPU
	EndGlobalSection
	GlobalSection(SolutionProperties) = preSolution
		HideSolutionNode = FALSE
	EndGlobalSection
	GlobalSection(ExtensibilityGlobals) = postSolution
		SolutionGuid = {F957A62D-D9F5-4F0D-897A-4DCDC910A96C}
	EndGlobalSection
EndGlobal
